
Microsoft Visual Studio Solution File, Format Version 12.00
# Visual Studio 15
VisualStudioVersion = 15.0.28307.1684
MinimumVisualStudioVersion = 10.0.40219.1
Project("{2150E333-8FDC-42A3-9474-1A3956D46DE8}") = "Solution Items", "Solution Items", "{8AF7D59C-DFAF-4E83-8140-C5E1613BB5F9}"
	ProjectSection(SolutionItems) = preProject
		.gitignore = .gitignore
	EndProjectSection
EndProject
Project("{FAE04EC0-301F-11D3-BF4B-00C04F79EFBC}") = "StoreFrontLab.UI.MVC", "StoreFrontLab.UI.MVC\StoreFrontLab.UI.MVC.csproj", "{F6964B53-5E8D-4663-B05E-715059111915}"
EndProject
Project("{FAE04EC0-301F-11D3-BF4B-00C04F79EFBC}") = "StoreFront.DATA.EF", "DATA.EF\StoreFront.DATA.EF.csproj", "{358158C9-8DF1-45B7-ACB6-4823391D58EE}"
EndProject
Global
	GlobalSection(SolutionConfigurationPlatforms) = preSolution
		Debug|Any CPU = Debug|Any CPU
		Release|Any CPU = Release|Any CPU
	EndGlobalSection
	GlobalSection(ProjectConfigurationPlatforms) = postSolution
		{F6964B53-5E8D-4663-B05E-715059111915}.Debug|Any CPU.ActiveCfg = Debug|Any CPU
		{F6964B53-5E8D-4663-B05E-715059111915}.Debug|Any CPU.Build.0 = Debug|Any CPU
		{F6964B53-5E8D-4663-B05E-715059111915}.Release|Any CPU.ActiveCfg = Release|Any CPU
		{F6964B53-5E8D-4663-B05E-715059111915}.Release|Any CPU.Build.0 = Release|Any CPU
		{358158C9-8DF1-45B7-ACB6-4823391D58EE}.Debug|Any CPU.ActiveCfg = Debug|Any CPU
		{358158C9-8DF1-45B7-ACB6-4823391D58EE}.Debug|Any CPU.Build.0 = Debug|Any CPU
		{358158C9-8DF1-45B7-ACB6-4823391D58EE}.Release|Any CPU.ActiveCfg = Release|Any CPU
		{358158C9-8DF1-45B7-ACB6-4823391D58EE}.Release|Any CPU.Build.0 = Release|Any CPU
	EndGlobalSection
	GlobalSection(SolutionProperties) = preSolution
		HideSolutionNode = FALSE
	EndGlobalSection
	GlobalSection(ExtensibilityGlobals) = postSolution
		SolutionGuid = {F1C0192C-366C-45B2-A3A2-FDB4EAC59698}
	EndGlobalSection
EndGlobal
